// !$*UTF8*$!
{
	archiveVersion = 1;
	classes = {
	};
	objectVersion = 50;
	objects = {

/* Begin PBXBuildFile section */
		D843993B26E90878007D5C0A /* DetailedListTableViewController.swift in Sources */ = {isa = PBXBuildFile; fileRef = D843993A26E90878007D5C0A /* DetailedListTableViewController.swift */; };
		D8AA147C26E89900005C7A24 /* AppDelegate.swift in Sources */ = {isa = PBXBuildFile; fileRef = D8AA147B26E89900005C7A24 /* AppDelegate.swift */; };
		D8AA147E26E89900005C7A24 /* SceneDelegate.swift in Sources */ = {isa = PBXBuildFile; fileRef = D8AA147D26E89900005C7A24 /* SceneDelegate.swift */; };
		D8AA148326E89900005C7A24 /* Main.storyboard in Resources */ = {isa = PBXBuildFile; fileRef = D8AA148126E89900005C7A24 /* Main.storyboard */; };
		D8AA148526E89901005C7A24 /* Assets.xcassets in Resources */ = {isa = PBXBuildFile; fileRef = D8AA148426E89901005C7A24 /* Assets.xcassets */; };
		D8AA148826E89901005C7A24 /* LaunchScreen.storyboard in Resources */ = {isa = PBXBuildFile; fileRef = D8AA148626E89901005C7A24 /* LaunchScreen.storyboard */; };
		D8AA149426E89C35005C7A24 /* PersonsListViewController.swift in Sources */ = {isa = PBXBuildFile; fileRef = D8AA149326E89C35005C7A24 /* PersonsListViewController.swift */; };
		D8AA149626E89D56005C7A24 /* Person.swift in Sources */ = {isa = PBXBuildFile; fileRef = D8AA149526E89D56005C7A24 /* Person.swift */; };
		D8AA149926E8A58D005C7A24 /* DataManager.swift in Sources */ = {isa = PBXBuildFile; fileRef = D8AA149826E8A58D005C7A24 /* DataManager.swift */; };
		D8AA149C26E8D131005C7A24 /* PersonalDataViewController.swift in Sources */ = {isa = PBXBuildFile; fileRef = D8AA149B26E8D131005C7A24 /* PersonalDataViewController.swift */; };
/* End PBXBuildFile section */

/* Begin PBXFileReference section */
		D843993A26E90878007D5C0A /* DetailedListTableViewController.swift */ = {isa = PBXFileReference; lastKnownFileType = sourcecode.swift; path = DetailedListTableViewController.swift; sourceTree = "<group>"; };
		D8AA147826E89900005C7A24 /* PersonsList.app */ = {isa = PBXFileReference; explicitFileType = wrapper.application; includeInIndex = 0; path = PersonsList.app; sourceTree = BUILT_PRODUCTS_DIR; };
		D8AA147B26E89900005C7A24 /* AppDelegate.swift */ = {isa = PBXFileReference; lastKnownFileType = sourcecode.swift; path = AppDelegate.swift; sourceTree = "<group>"; };
		D8AA147D26E89900005C7A24 /* SceneDelegate.swift */ = {isa = PBXFileReference; lastKnownFileType = sourcecode.swift; path = SceneDelegate.swift; sourceTree = "<group>"; };
		D8AA148226E89900005C7A24 /* Base */ = {isa = PBXFileReference; lastKnownFileType = file.storyboard; name = Base; path = Base.lproj/Main.storyboard; sourceTree = "<group>"; };
		D8AA148426E89901005C7A24 /* Assets.xcassets */ = {isa = PBXFileReference; lastKnownFileType = folder.assetcatalog; path = Assets.xcassets; sourceTree = "<group>"; };
		D8AA148726E89901005C7A24 /* Base */ = {isa = PBXFileReference; lastKnownFileType = file.storyboard; name = Base; path = Base.lproj/LaunchScreen.storyboard; sourceTree = "<group>"; };
		D8AA148926E89901005C7A24 /* Info.plist */ = {isa = PBXFileReference; lastKnownFileType = text.plist.xml; path = Info.plist; sourceTree = "<group>"; };
		D8AA149326E89C35005C7A24 /* PersonsListViewController.swift */ = {isa = PBXFileReference; lastKnownFileType = sourcecode.swift; path = PersonsListViewController.swift; sourceTree = "<group>"; };
		D8AA149526E89D56005C7A24 /* Person.swift */ = {isa = PBXFileReference; lastKnownFileType = sourcecode.swift; path = Person.swift; sourceTree = "<group>"; };
		D8AA149826E8A58D005C7A24 /* DataManager.swift */ = {isa = PBXFileReference; lastKnownFileType = sourcecode.swift; path = DataManager.swift; sourceTree = "<group>"; };
		D8AA149B26E8D131005C7A24 /* PersonalDataViewController.swift */ = {isa = PBXFileReference; lastKnownFileType = sourcecode.swift; path = PersonalDataViewController.swift; sourceTree = "<group>"; };
/* End PBXFileReference section */

/* Begin PBXFrameworksBuildPhase section */
		D8AA147526E89900005C7A24 /* Frameworks */ = {
			isa = PBXFrameworksBuildPhase;
			buildActionMask = 2147483647;
			files = (
			);
			runOnlyForDeploymentPostprocessing = 0;
		};
/* End PBXFrameworksBuildPhase section */

/* Begin PBXGroup section */
		D8AA146F26E89900005C7A24 = {
			isa = PBXGroup;
			children = (
				D8AA147A26E89900005C7A24 /* PersonsList */,
				D8AA147926E89900005C7A24 /* Products */,
			);
			sourceTree = "<group>";
		};
		D8AA147926E89900005C7A24 /* Products */ = {
			isa = PBXGroup;
			children = (
				D8AA147826E89900005C7A24 /* PersonsList.app */,
			);
			name = Products;
			sourceTree = "<group>";
		};
		D8AA147A26E89900005C7A24 /* PersonsList */ = {
			isa = PBXGroup;
			children = (
				D8AA149226E89961005C7A24 /* ViewControllers */,
				D8AA149A26E8A595005C7A24 /* DataManagers */,
				D8AA149126E89952005C7A24 /* Storyboards */,
				D8AA149726E89D5D005C7A24 /* Models */,
				D8AA148F26E8992A005C7A24 /* Sources */,
				D8AA149026E8993E005C7A24 /* App */,
			);
			path = PersonsList;
			sourceTree = "<group>";
		};
		D8AA148F26E8992A005C7A24 /* Sources */ = {
			isa = PBXGroup;
			children = (
				D8AA148426E89901005C7A24 /* Assets.xcassets */,
			);
			path = Sources;
			sourceTree = "<group>";
		};
		D8AA149026E8993E005C7A24 /* App */ = {
			isa = PBXGroup;
			children = (
				D8AA147D26E89900005C7A24 /* SceneDelegate.swift */,
				D8AA147B26E89900005C7A24 /* AppDelegate.swift */,
				D8AA148926E89901005C7A24 /* Info.plist */,
			);
			path = App;
			sourceTree = "<group>";
		};
		D8AA149126E89952005C7A24 /* Storyboards */ = {
			isa = PBXGroup;
			children = (
				D8AA148626E89901005C7A24 /* LaunchScreen.storyboard */,
				D8AA148126E89900005C7A24 /* Main.storyboard */,
			);
			path = Storyboards;
			sourceTree = "<group>";
		};
		D8AA149226E89961005C7A24 /* ViewControllers */ = {
			isa = PBXGroup;
			children = (
				D8AA149326E89C35005C7A24 /* PersonsListViewController.swift */,
				D8AA149B26E8D131005C7A24 /* PersonalDataViewController.swift */,
				D843993A26E90878007D5C0A /* DetailedListTableViewController.swift */,
			);
			path = ViewControllers;
			sourceTree = "<group>";
		};
		D8AA149726E89D5D005C7A24 /* Models */ = {
			isa = PBXGroup;
			children = (
				D8AA149526E89D56005C7A24 /* Person.swift */,
			);
			path = Models;
			sourceTree = "<group>";
		};
		D8AA149A26E8A595005C7A24 /* DataManagers */ = {
			isa = PBXGroup;
			children = (
				D8AA149826E8A58D005C7A24 /* DataManager.swift */,
			);
			path = DataManagers;
			sourceTree = "<group>";
		};
/* End PBXGroup section */

/* Begin PBXNativeTarget section */
		D8AA147726E89900005C7A24 /* PersonsList */ = {
			isa = PBXNativeTarget;
			buildConfigurationList = D8AA148C26E89901005C7A24 /* Build configuration list for PBXNativeTarget "PersonsList" */;
			buildPhases = (
				D8AA147426E89900005C7A24 /* Sources */,
				D8AA147526E89900005C7A24 /* Frameworks */,
				D8AA147626E89900005C7A24 /* Resources */,
			);
			buildRules = (
			);
			dependencies = (
			);
			name = PersonsList;
			productName = PersonsList;
			productReference = D8AA147826E89900005C7A24 /* PersonsList.app */;
			productType = "com.apple.product-type.application";
		};
/* End PBXNativeTarget section */

/* Begin PBXProject section */
		D8AA147026E89900005C7A24 /* Project object */ = {
			isa = PBXProject;
			attributes = {
				LastSwiftUpdateCheck = 1250;
				LastUpgradeCheck = 1250;
				TargetAttributes = {
					D8AA147726E89900005C7A24 = {
						CreatedOnToolsVersion = 12.5.1;
					};
				};
			};
			buildConfigurationList = D8AA147326E89900005C7A24 /* Build configuration list for PBXProject "PersonsList" */;
			compatibilityVersion = "Xcode 9.3";
			developmentRegion = en;
			hasScannedForEncodings = 0;
			knownRegions = (
				en,
				Base,
			);
			mainGroup = D8AA146F26E89900005C7A24;
			productRefGroup = D8AA147926E89900005C7A24 /* Products */;
			projectDirPath = "";
			projectRoot = "";
			targets = (
				D8AA147726E89900005C7A24 /* PersonsList */,
			);
		};
/* End PBXProject section */

/* Begin PBXResourcesBuildPhase section */
		D8AA147626E89900005C7A24 /* Resources */ = {
			isa = PBXResourcesBuildPhase;
			buildActionMask = 2147483647;
			files = (
				D8AA148826E89901005C7A24 /* LaunchScreen.storyboard in Resources */,
				D8AA148526E89901005C7A24 /* Assets.xcassets in Resources */,
				D8AA148326E89900005C7A24 /* Main.storyboard in Resources */,
			);
			runOnlyForDeploymentPostprocessing = 0;
		};
/* End PBXResourcesBuildPhase section */

/* Begin PBXSourcesBuildPhase section */
		D8AA147426E89900005C7A24 /* Sources */ = {
			isa = PBXSourcesBuildPhase;
			buildActionMask = 2147483647;
			files = (
				D8AA149626E89D56005C7A24 /* Person.swift in Sources */,
				D8AA149926E8A58D005C7A24 /* DataManager.swift in Sources */,
				D843993B26E90878007D5C0A /* DetailedListTableViewController.swift in Sources */,
				D8AA149C26E8D131005C7A24 /* PersonalDataViewController.swift in Sources */,
				D8AA147C26E89900005C7A24 /* AppDelegate.swift in Sources */,
				D8AA147E26E89900005C7A24 /* SceneDelegate.swift in Sources */,
				D8AA149426E89C35005C7A24 /* PersonsListViewController.swift in Sources */,
			);
			runOnlyForDeploymentPostprocessing = 0;
		};
/* End PBXSourcesBuildPhase section */

/* Begin PBXVariantGroup section */
		D8AA148126E89900005C7A24 /* Main.storyboard */ = {
			isa = PBXVariantGroup;
			children = (
				D8AA148226E89900005C7A24 /* Base */,
			);
			name = Main.storyboard;
			sourceTree = "<group>";
		};
		D8AA148626E89901005C7A24 /* LaunchScreen.storyboard */ = {
			isa = PBXVariantGroup;
			children = (
				D8AA148726E89901005C7A24 /* Base */,
			);
			name = LaunchScreen.storyboard;
			sourceTree = "<group>";
		};
/* End PBXVariantGroup section */

/* Begin XCBuildConfiguration section */
		D8AA148A26E89901005C7A24 /* Debug */ = {
			isa = XCBuildConfiguration;
			buildSettings = {
				ALWAYS_SEARCH_USER_PATHS = NO;
				CLANG_ANALYZER_NONNULL = YES;
				CLANG_ANALYZER_NUMBER_OBJECT_CONVERSION = YES_AGGRESSIVE;
				CLANG_CXX_LANGUAGE_STANDARD = "gnu++14";
				CLANG_CXX_LIBRARY = "libc++";
				CLANG_ENABLE_MODULES = YES;
				CLANG_ENABLE_OBJC_ARC = YES;
				CLANG_ENABLE_OBJC_WEAK = YES;
				CLANG_WARN_BLOCK_CAPTURE_AUTORELEASING = YES;
				CLANG_WARN_BOOL_CONVERSION = YES;
				CLANG_WARN_COMMA = YES;
				CLANG_WARN_CONSTANT_CONVERSION = YES;
				CLANG_WARN_DEPRECATED_OBJC_IMPLEMENTATIONS = YES;
				CLANG_WARN_DIRECT_OBJC_ISA_USAGE = YES_ERROR;
				CLANG_WARN_DOCUMENTATION_COMMENTS = YES;
				CLANG_WARN_EMPTY_BODY = YES;
				CLANG_WARN_ENUM_CONVERSION = YES;
				CLANG_WARN_INFINITE_RECURSION = YES;
				CLANG_WARN_INT_CONVERSION = YES;
				CLANG_WARN_NON_LITERAL_NULL_CONVERSION = YES;
				CLANG_WARN_OBJC_IMPLICIT_RETAIN_SELF = YES;
				CLANG_WARN_OBJC_LITERAL_CONVERSION = YES;
				CLANG_WARN_OBJC_ROOT_CLASS = YES_ERROR;
				CLANG_WARN_QUOTED_INCLUDE_IN_FRAMEWORK_HEADER = YES;
				CLANG_WARN_RANGE_LOOP_ANALYSIS = YES;
				CLANG_WARN_STRICT_PROTOTYPES = YES;
				CLANG_WARN_SUSPICIOUS_MOVE = YES;
				CLANG_WARN_UNGUARDED_AVAILABILITY = YES_AGGRESSIVE;
				CLANG_WARN_UNREACHABLE_CODE = YES;
				CLANG_WARN__DUPLICATE_METHOD_MATCH = YES;
				COPY_PHASE_STRIP = NO;
				DEBUG_INFORMATION_FORMAT = dwarf;
				ENABLE_STRICT_OBJC_MSGSEND = YES;
				ENABLE_TESTABILITY = YES;
				GCC_C_LANGUAGE_STANDARD = gnu11;
				GCC_DYNAMIC_NO_PIC = NO;
				GCC_NO_COMMON_BLOCKS = YES;
				GCC_OPTIMIZATION_LEVEL = 0;
				GCC_PREPROCESSOR_DEFINITIONS = (
					"DEBUG=1",
					"$(inherited)",
				);
				GCC_WARN_64_TO_32_BIT_CONVERSION = YES;
				GCC_WARN_ABOUT_RETURN_TYPE = YES_ERROR;
				GCC_WARN_UNDECLARED_SELECTOR = YES;
				GCC_WARN_UNINITIALIZED_AUTOS = YES_AGGRESSIVE;
				GCC_WARN_UNUSED_FUNCTION = YES;
				GCC_WARN_UNUSED_VARIABLE = YES;
				IPHONEOS_DEPLOYMENT_TARGET = 14.5;
				MTL_ENABLE_DEBUG_INFO = INCLUDE_SOURCE;
				MTL_FAST_MATH = YES;
				ONLY_ACTIVE_ARCH = YES;
				SDKROOT = iphoneos;
				SWIFT_ACTIVE_COMPILATION_CONDITIONS = DEBUG;
				SWIFT_OPTIMIZATION_LEVEL = "-Onone";
			};
			name = Debug;
		};
		D8AA148B26E89901005C7A24 /* Release */ = {
			isa = XCBuildConfiguration;
			buildSettings = {
				ALWAYS_SEARCH_USER_PATHS = NO;
				CLANG_ANALYZER_NONNULL = YES;
				CLANG_ANALYZER_NUMBER_OBJECT_CONVERSION = YES_AGGRESSIVE;
				CLANG_CXX_LANGUAGE_STANDARD = "gnu++14";
				CLANG_CXX_LIBRARY = "libc++";
				CLANG_ENABLE_MODULES = YES;
				CLANG_ENABLE_OBJC_ARC = YES;
				CLANG_ENABLE_OBJC_WEAK = YES;
				CLANG_WARN_BLOCK_CAPTURE_AUTORELEASING = YES;
				CLANG_WARN_BOOL_CONVERSION = YES;
				CLANG_WARN_COMMA = YES;
				CLANG_WARN_CONSTANT_CONVERSION = YES;
				CLANG_WARN_DEPRECATED_OBJC_IMPLEMENTATIONS = YES;
				CLANG_WARN_DIRECT_OBJC_ISA_USAGE = YES_ERROR;
				CLANG_WARN_DOCUMENTATION_COMMENTS = YES;
				CLANG_WARN_EMPTY_BODY = YES;
				CLANG_WARN_ENUM_CONVERSION = YES;
				CLANG_WARN_INFINITE_RECURSION = YES;
				CLANG_WARN_INT_CONVERSION = YES;
				CLANG_WARN_NON_LITERAL_NULL_CONVERSION = YES;
				CLANG_WARN_OBJC_IMPLICIT_RETAIN_SELF = YES;
				CLANG_WARN_OBJC_LITERAL_CONVERSION = YES;
				CLANG_WARN_OBJC_ROOT_CLASS = YES_ERROR;
				CLANG_WARN_QUOTED_INCLUDE_IN_FRAMEWORK_HEADER = YES;
				CLANG_WARN_RANGE_LOOP_ANALYSIS = YES;
				CLANG_WARN_STRICT_PROTOTYPES = YES;
				CLANG_WARN_SUSPICIOUS_MOVE = YES;
				CLANG_WARN_UNGUARDED_AVAILABILITY = YES_AGGRESSIVE;
				CLANG_WARN_UNREACHABLE_CODE = YES;
				CLANG_WARN__DUPLICATE_METHOD_MATCH = YES;
				COPY_PHASE_STRIP = NO;
				DEBUG_INFORMATION_FORMAT = "dwarf-with-dsym";
				ENABLE_NS_ASSERTIONS = NO;
				ENABLE_STRICT_OBJC_MSGSEND = YES;
				GCC_C_LANGUAGE_STANDARD = gnu11;
				GCC_NO_COMMON_BLOCKS = YES;
				GCC_WARN_64_TO_32_BIT_CONVERSION = YES;
				GCC_WARN_ABOUT_RETURN_TYPE = YES_ERROR;
				GCC_WARN_UNDECLARED_SELECTOR = YES;
				GCC_WARN_UNINITIALIZED_AUTOS = YES_AGGRESSIVE;
				GCC_WARN_UNUSED_FUNCTION = YES;
				GCC_WARN_UNUSED_VARIABLE = YES;
				IPHONEOS_DEPLOYMENT_TARGET = 14.5;
				MTL_ENABLE_DEBUG_INFO = NO;
				MTL_FAST_MATH = YES;
				SDKROOT = iphoneos;
				SWIFT_COMPILATION_MODE = wholemodule;
				SWIFT_OPTIMIZATION_LEVEL = "-O";
				VALIDATE_PRODUCT = YES;
			};
			name = Release;
		};
		D8AA148D26E89901005C7A24 /* Debug */ = {
			isa = XCBuildConfiguration;
			buildSettings = {
				ASSETCATALOG_COMPILER_APPICON_NAME = AppIcon;
				ASSETCATALOG_COMPILER_GLOBAL_ACCENT_COLOR_NAME = AccentColor;
				CODE_SIGN_STYLE = Automatic;
				DEVELOPMENT_TEAM = RV92NSXQKZ;
				INFOPLIST_FILE = PersonsList/App/Info.plist;
				LD_RUNPATH_SEARCH_PATHS = (
					"$(inherited)",
					"@executable_path/Frameworks",
				);
				PRODUCT_BUNDLE_IDENTIFIER = ru.nechaev.PersonsList;
				PRODUCT_NAME = "$(TARGET_NAME)";
				SWIFT_VERSION = 5.0;
				TARGETED_DEVICE_FAMILY = 1;
			};
			name = Debug;
		};
		D8AA148E26E89901005C7A24 /* Release */ = {
			isa = XCBuildConfiguration;
			buildSettings = {
				ASSETCATALOG_COMPILER_APPICON_NAME = AppIcon;
				ASSETCATALOG_COMPILER_GLOBAL_ACCENT_COLOR_NAME = AccentColor;
				CODE_SIGN_STYLE = Automatic;
				DEVELOPMENT_TEAM = RV92NSXQKZ;
				INFOPLIST_FILE = PersonsList/App/Info.plist;
				LD_RUNPATH_SEARCH_PATHS = (
					"$(inherited)",
					"@executable_path/Frameworks",
				);
				PRODUCT_BUNDLE_IDENTIFIER = ru.nechaev.PersonsList;
				PRODUCT_NAME = "$(TARGET_NAME)";
				SWIFT_VERSION = 5.0;
				TARGETED_DEVICE_FAMILY = 1;
			};
			name = Release;
		};
/* End XCBuildConfiguration section */

/* Begin XCConfigurationList section */
		D8AA147326E89900005C7A24 /* Build configuration list for PBXProject "PersonsList" */ = {
			isa = XCConfigurationList;
			buildConfigurations = (
				D8AA148A26E89901005C7A24 /* Debug */,
				D8AA148B26E89901005C7A24 /* Release */,
			);
			defaultConfigurationIsVisible = 0;
			defaultConfigurationName = Release;
		};
		D8AA148C26E89901005C7A24 /* Build configuration list for PBXNativeTarget "PersonsList" */ = {
			isa = XCConfigurationList;
			buildConfigurations = (
				D8AA148D26E89901005C7A24 /* Debug */,
				D8AA148E26E89901005C7A24 /* Release */,
			);
			defaultConfigurationIsVisible = 0;
			defaultConfigurationName = Release;
		};
/* End XCConfigurationList section */
	};
	rootObject = D8AA147026E89900005C7A24 /* Project object */;
}
